// !$*UTF8*$!
{
	archiveVersion = 1;
	classes = {
	};
	objectVersion = 56;
	objects = {

/* Begin PBXBuildFile section */
		69321BD12C3640CD00C52A85 /* VideoCompare.swift in Sources */ = {isa = PBXBuildFile; fileRef = 69321BD02C3640CD00C52A85 /* VideoCompare.swift */; };
		69321BD32C36586E00C52A85 /* videoTimeAlign.metal in Sources */ = {isa = PBXBuildFile; fileRef = 69321BD22C36586E00C52A85 /* videoTimeAlign.metal */; };
		69321BD52C365B1E00C52A85 /* VideoPickerView.swift in Sources */ = {isa = PBXBuildFile; fileRef = 69321BD42C365B1E00C52A85 /* VideoPickerView.swift */; };
		69321BD72C365B5700C52A85 /* CompareView.swift in Sources */ = {isa = PBXBuildFile; fileRef = 69321BD62C365B5700C52A85 /* CompareView.swift */; };
		693439682C37DA6B00B5FA62 /* compare.metal in Sources */ = {isa = PBXBuildFile; fileRef = 693439672C37DA6B00B5FA62 /* compare.metal */; };
		69557C572C21465D004C63A3 /* videoPicker+extension.swift in Sources */ = {isa = PBXBuildFile; fileRef = 69557C562C21465D004C63A3 /* videoPicker+extension.swift */; };
		6968883C2C3CF56A0059BF6E /* constant.swift in Sources */ = {isa = PBXBuildFile; fileRef = 6968883B2C3CF56A0059BF6E /* constant.swift */; };
		697FCB3F2C40ED9100A74EFB /* CoreVideo.framework in Frameworks */ = {isa = PBXBuildFile; fileRef = 697FCB3E2C40ED9100A74EFB /* CoreVideo.framework */; };
		697FCB412C40FFB500A74EFB /* ManualAlignView.swift in Sources */ = {isa = PBXBuildFile; fileRef = 697FCB402C40FFB500A74EFB /* ManualAlignView.swift */; };
		698098D02C25954A00AAE9BC /* ContentView.swift in Sources */ = {isa = PBXBuildFile; fileRef = 698098CF2C25954A00AAE9BC /* ContentView.swift */; };
		69B446E82C2903E700412367 /* gradient.metal in Sources */ = {isa = PBXBuildFile; fileRef = 69B446E72C2903E700412367 /* gradient.metal */; };
		69B446EA2C29469100412367 /* VideoAlignment.swift in Sources */ = {isa = PBXBuildFile; fileRef = 69B446E92C29469100412367 /* VideoAlignment.swift */; };
		69D9CF8D2C0C1FB90001AE0C /* SportsCoachApp.swift in Sources */ = {isa = PBXBuildFile; fileRef = 69D9CF8C2C0C1FB90001AE0C /* SportsCoachApp.swift */; };
		69D9CF932C0C1FBB0001AE0C /* Assets.xcassets in Resources */ = {isa = PBXBuildFile; fileRef = 69D9CF922C0C1FBB0001AE0C /* Assets.xcassets */; };
		69D9CF962C0C1FBB0001AE0C /* Preview Assets.xcassets in Resources */ = {isa = PBXBuildFile; fileRef = 69D9CF952C0C1FBB0001AE0C /* Preview Assets.xcassets */; };
		69D9CFA12C0C20490001AE0C /* MetalKit.framework in Frameworks */ = {isa = PBXBuildFile; fileRef = 69D9CF9F2C0C20490001AE0C /* MetalKit.framework */; };
		69D9CFA22C0C20490001AE0C /* Metal.framework in Frameworks */ = {isa = PBXBuildFile; fileRef = 69D9CFA02C0C20490001AE0C /* Metal.framework */; };
		69DC622D2C12F0C500F07E00 /* utils.swift in Sources */ = {isa = PBXBuildFile; fileRef = 69DC622C2C12F0C400F07E00 /* utils.swift */; };
		69EFBBF82C42424000E6CBA4 /* FullScreenVideoView.swift in Sources */ = {isa = PBXBuildFile; fileRef = 69EFBBF72C42424000E6CBA4 /* FullScreenVideoView.swift */; };
/* End PBXBuildFile section */

/* Begin PBXFileReference section */
		69321BD02C3640CD00C52A85 /* VideoCompare.swift */ = {isa = PBXFileReference; lastKnownFileType = sourcecode.swift; path = VideoCompare.swift; sourceTree = "<group>"; };
		69321BD22C36586E00C52A85 /* videoTimeAlign.metal */ = {isa = PBXFileReference; lastKnownFileType = sourcecode.metal; path = videoTimeAlign.metal; sourceTree = "<group>"; };
		69321BD42C365B1E00C52A85 /* VideoPickerView.swift */ = {isa = PBXFileReference; lastKnownFileType = sourcecode.swift; path = VideoPickerView.swift; sourceTree = "<group>"; };
		69321BD62C365B5700C52A85 /* CompareView.swift */ = {isa = PBXFileReference; lastKnownFileType = sourcecode.swift; path = CompareView.swift; sourceTree = "<group>"; };
		693439672C37DA6B00B5FA62 /* compare.metal */ = {isa = PBXFileReference; lastKnownFileType = sourcecode.metal; path = compare.metal; sourceTree = "<group>"; };
		69557C562C21465D004C63A3 /* videoPicker+extension.swift */ = {isa = PBXFileReference; lastKnownFileType = sourcecode.swift; path = "videoPicker+extension.swift"; sourceTree = "<group>"; };
		6968883B2C3CF56A0059BF6E /* constant.swift */ = {isa = PBXFileReference; fileEncoding = 4; lastKnownFileType = sourcecode.swift; path = constant.swift; sourceTree = "<group>"; };
		697FCB3E2C40ED9100A74EFB /* CoreVideo.framework */ = {isa = PBXFileReference; lastKnownFileType = wrapper.framework; name = CoreVideo.framework; path = System/Library/Frameworks/CoreVideo.framework; sourceTree = SDKROOT; };
		697FCB402C40FFB500A74EFB /* ManualAlignView.swift */ = {isa = PBXFileReference; lastKnownFileType = sourcecode.swift; path = ManualAlignView.swift; sourceTree = "<group>"; };
		698098CF2C25954A00AAE9BC /* ContentView.swift */ = {isa = PBXFileReference; lastKnownFileType = sourcecode.swift; path = ContentView.swift; sourceTree = "<group>"; };
		69B446E72C2903E700412367 /* gradient.metal */ = {isa = PBXFileReference; lastKnownFileType = sourcecode.metal; path = gradient.metal; sourceTree = "<group>"; };
		69B446E92C29469100412367 /* VideoAlignment.swift */ = {isa = PBXFileReference; lastKnownFileType = sourcecode.swift; path = VideoAlignment.swift; sourceTree = "<group>"; };
		69D9CF892C0C1FB90001AE0C /* Efficiency Lab.app */ = {isa = PBXFileReference; explicitFileType = wrapper.application; includeInIndex = 0; path = "Efficiency Lab.app"; sourceTree = BUILT_PRODUCTS_DIR; };
		69D9CF8C2C0C1FB90001AE0C /* SportsCoachApp.swift */ = {isa = PBXFileReference; lastKnownFileType = sourcecode.swift; path = SportsCoachApp.swift; sourceTree = "<group>"; };
		69D9CF922C0C1FBB0001AE0C /* Assets.xcassets */ = {isa = PBXFileReference; lastKnownFileType = folder.assetcatalog; path = Assets.xcassets; sourceTree = "<group>"; };
		69D9CF952C0C1FBB0001AE0C /* Preview Assets.xcassets */ = {isa = PBXFileReference; lastKnownFileType = folder.assetcatalog; path = "Preview Assets.xcassets"; sourceTree = "<group>"; };
		69D9CF9F2C0C20490001AE0C /* MetalKit.framework */ = {isa = PBXFileReference; lastKnownFileType = wrapper.framework; name = MetalKit.framework; path = System/Library/Frameworks/MetalKit.framework; sourceTree = SDKROOT; };
		69D9CFA02C0C20490001AE0C /* Metal.framework */ = {isa = PBXFileReference; lastKnownFileType = wrapper.framework; name = Metal.framework; path = System/Library/Frameworks/Metal.framework; sourceTree = SDKROOT; };
		69DC622C2C12F0C400F07E00 /* utils.swift */ = {isa = PBXFileReference; lastKnownFileType = sourcecode.swift; path = utils.swift; sourceTree = "<group>"; };
		69EFBBF72C42424000E6CBA4 /* FullScreenVideoView.swift */ = {isa = PBXFileReference; lastKnownFileType = sourcecode.swift; path = FullScreenVideoView.swift; sourceTree = "<group>"; };
		69EFBBF92C4245B900E6CBA4 /* Efficiency-Lab-Info.plist */ = {isa = PBXFileReference; lastKnownFileType = text.plist; path = "Efficiency-Lab-Info.plist"; sourceTree = "<group>"; };
/* End PBXFileReference section */

/* Begin PBXFrameworksBuildPhase section */
		69D9CF862C0C1FB90001AE0C /* Frameworks */ = {
			isa = PBXFrameworksBuildPhase;
			buildActionMask = 2147483647;
			files = (
				69D9CFA22C0C20490001AE0C /* Metal.framework in Frameworks */,
				69D9CFA12C0C20490001AE0C /* MetalKit.framework in Frameworks */,
				697FCB3F2C40ED9100A74EFB /* CoreVideo.framework in Frameworks */,
			);
			runOnlyForDeploymentPostprocessing = 0;
		};
/* End PBXFrameworksBuildPhase section */

/* Begin PBXGroup section */
		69557C5A2C21471C004C63A3 /* util */ = {
			isa = PBXGroup;
			children = (
				6968883B2C3CF56A0059BF6E /* constant.swift */,
				69DC622C2C12F0C400F07E00 /* utils.swift */,
				69557C562C21465D004C63A3 /* videoPicker+extension.swift */,
			);
			path = util;
			sourceTree = "<group>";
		};
		69D9CF802C0C1FB90001AE0C = {
			isa = PBXGroup;
			children = (
				69EFBBF92C4245B900E6CBA4 /* Efficiency-Lab-Info.plist */,
				69D9CF922C0C1FBB0001AE0C /* Assets.xcassets */,
				69D9CF942C0C1FBB0001AE0C /* Preview Content */,
				69EA2E3B2C242F6A00C60FA3 /* controller */,
				69557C5A2C21471C004C63A3 /* util */,
				69DC622B2C12C17800F07E00 /* shader */,
				69D9CF8C2C0C1FB90001AE0C /* SportsCoachApp.swift */,
				698098CF2C25954A00AAE9BC /* ContentView.swift */,
				69321BD62C365B5700C52A85 /* CompareView.swift */,
				69EFBBF72C42424000E6CBA4 /* FullScreenVideoView.swift */,
				697FCB402C40FFB500A74EFB /* ManualAlignView.swift */,
				69321BD42C365B1E00C52A85 /* VideoPickerView.swift */,
				69D9CF8A2C0C1FB90001AE0C /* Products */,
				69D9CF9E2C0C20490001AE0C /* Frameworks */,
			);
			sourceTree = "<group>";
		};
		69D9CF8A2C0C1FB90001AE0C /* Products */ = {
			isa = PBXGroup;
			children = (
				69D9CF892C0C1FB90001AE0C /* Efficiency Lab.app */,
			);
			name = Products;
			sourceTree = "<group>";
		};
		69D9CF942C0C1FBB0001AE0C /* Preview Content */ = {
			isa = PBXGroup;
			children = (
				69D9CF952C0C1FBB0001AE0C /* Preview Assets.xcassets */,
			);
			path = "Preview Content";
			sourceTree = "<group>";
		};
		69D9CF9E2C0C20490001AE0C /* Frameworks */ = {
			isa = PBXGroup;
			children = (
				697FCB3E2C40ED9100A74EFB /* CoreVideo.framework */,
				69D9CFA02C0C20490001AE0C /* Metal.framework */,
				69D9CF9F2C0C20490001AE0C /* MetalKit.framework */,
			);
			name = Frameworks;
			sourceTree = "<group>";
		};
		69DC622B2C12C17800F07E00 /* shader */ = {
			isa = PBXGroup;
			children = (
				69B446E72C2903E700412367 /* gradient.metal */,
				69321BD22C36586E00C52A85 /* videoTimeAlign.metal */,
				693439672C37DA6B00B5FA62 /* compare.metal */,
			);
			path = shader;
			sourceTree = "<group>";
		};
		69EA2E3B2C242F6A00C60FA3 /* controller */ = {
			isa = PBXGroup;
			children = (
				69B446E92C29469100412367 /* VideoAlignment.swift */,
				69321BD02C3640CD00C52A85 /* VideoCompare.swift */,
			);
			path = controller;
			sourceTree = "<group>";
		};
/* End PBXGroup section */

/* Begin PBXNativeTarget section */
		69D9CF882C0C1FB90001AE0C /* Efficiency Lab */ = {
			isa = PBXNativeTarget;
			buildConfigurationList = 69D9CF992C0C1FBB0001AE0C /* Build configuration list for PBXNativeTarget "Efficiency Lab" */;
			buildPhases = (
				69D9CF852C0C1FB90001AE0C /* Sources */,
				69D9CF862C0C1FB90001AE0C /* Frameworks */,
				69D9CF872C0C1FB90001AE0C /* Resources */,
			);
			buildRules = (
			);
			dependencies = (
			);
			name = "Efficiency Lab";
			productName = SportsCoach;
			productReference = 69D9CF892C0C1FB90001AE0C /* Efficiency Lab.app */;
			productType = "com.apple.product-type.application";
		};
/* End PBXNativeTarget section */

/* Begin PBXProject section */
		69D9CF812C0C1FB90001AE0C /* Project object */ = {
			isa = PBXProject;
			attributes = {
				BuildIndependentTargetsInParallel = 1;
				LastSwiftUpdateCheck = 1540;
				LastUpgradeCheck = 1540;
				TargetAttributes = {
					69D9CF882C0C1FB90001AE0C = {
						CreatedOnToolsVersion = 15.4;
					};
				};
			};
			buildConfigurationList = 69D9CF842C0C1FB90001AE0C /* Build configuration list for PBXProject "Efficiency Lab" */;
			compatibilityVersion = "Xcode 14.0";
			developmentRegion = en;
			hasScannedForEncodings = 0;
			knownRegions = (
				en,
				Base,
			);
			mainGroup = 69D9CF802C0C1FB90001AE0C;
			productRefGroup = 69D9CF8A2C0C1FB90001AE0C /* Products */;
			projectDirPath = "";
			projectRoot = "";
			targets = (
				69D9CF882C0C1FB90001AE0C /* Efficiency Lab */,
			);
		};
/* End PBXProject section */

/* Begin PBXResourcesBuildPhase section */
		69D9CF872C0C1FB90001AE0C /* Resources */ = {
			isa = PBXResourcesBuildPhase;
			buildActionMask = 2147483647;
			files = (
				69D9CF962C0C1FBB0001AE0C /* Preview Assets.xcassets in Resources */,
				69D9CF932C0C1FBB0001AE0C /* Assets.xcassets in Resources */,
			);
			runOnlyForDeploymentPostprocessing = 0;
		};
/* End PBXResourcesBuildPhase section */

/* Begin PBXSourcesBuildPhase section */
		69D9CF852C0C1FB90001AE0C /* Sources */ = {
			isa = PBXSourcesBuildPhase;
			buildActionMask = 2147483647;
			files = (
				693439682C37DA6B00B5FA62 /* compare.metal in Sources */,
				69DC622D2C12F0C500F07E00 /* utils.swift in Sources */,
				697FCB412C40FFB500A74EFB /* ManualAlignView.swift in Sources */,
				69EFBBF82C42424000E6CBA4 /* FullScreenVideoView.swift in Sources */,
				6968883C2C3CF56A0059BF6E /* constant.swift in Sources */,
				698098D02C25954A00AAE9BC /* ContentView.swift in Sources */,
				69321BD72C365B5700C52A85 /* CompareView.swift in Sources */,
				69D9CF8D2C0C1FB90001AE0C /* SportsCoachApp.swift in Sources */,
				69321BD12C3640CD00C52A85 /* VideoCompare.swift in Sources */,
				69321BD52C365B1E00C52A85 /* VideoPickerView.swift in Sources */,
				69321BD32C36586E00C52A85 /* videoTimeAlign.metal in Sources */,
				69B446EA2C29469100412367 /* VideoAlignment.swift in Sources */,
				69557C572C21465D004C63A3 /* videoPicker+extension.swift in Sources */,
				69B446E82C2903E700412367 /* gradient.metal in Sources */,
			);
			runOnlyForDeploymentPostprocessing = 0;
		};
/* End PBXSourcesBuildPhase section */

/* Begin XCBuildConfiguration section */
		69D9CF972C0C1FBB0001AE0C /* Debug */ = {
			isa = XCBuildConfiguration;
			buildSettings = {
				ALWAYS_SEARCH_USER_PATHS = NO;
				ASSETCATALOG_COMPILER_GENERATE_SWIFT_ASSET_SYMBOL_EXTENSIONS = YES;
				CLANG_ANALYZER_NONNULL = YES;
				CLANG_ANALYZER_NUMBER_OBJECT_CONVERSION = YES_AGGRESSIVE;
				CLANG_CXX_LANGUAGE_STANDARD = "gnu++20";
				CLANG_ENABLE_MODULES = YES;
				CLANG_ENABLE_OBJC_ARC = YES;
				CLANG_ENABLE_OBJC_WEAK = YES;
				CLANG_WARN_BLOCK_CAPTURE_AUTORELEASING = YES;
				CLANG_WARN_BOOL_CONVERSION = YES;
				CLANG_WARN_COMMA = YES;
				CLANG_WARN_CONSTANT_CONVERSION = YES;
				CLANG_WARN_DEPRECATED_OBJC_IMPLEMENTATIONS = YES;
				CLANG_WARN_DIRECT_OBJC_ISA_USAGE = YES_ERROR;
				CLANG_WARN_DOCUMENTATION_COMMENTS = YES;
				CLANG_WARN_EMPTY_BODY = YES;
				CLANG_WARN_ENUM_CONVERSION = YES;
				CLANG_WARN_INFINITE_RECURSION = YES;
				CLANG_WARN_INT_CONVERSION = YES;
				CLANG_WARN_NON_LITERAL_NULL_CONVERSION = YES;
				CLANG_WARN_OBJC_IMPLICIT_RETAIN_SELF = YES;
				CLANG_WARN_OBJC_LITERAL_CONVERSION = YES;
				CLANG_WARN_OBJC_ROOT_CLASS = YES_ERROR;
				CLANG_WARN_QUOTED_INCLUDE_IN_FRAMEWORK_HEADER = YES;
				CLANG_WARN_RANGE_LOOP_ANALYSIS = YES;
				CLANG_WARN_STRICT_PROTOTYPES = YES;
				CLANG_WARN_SUSPICIOUS_MOVE = YES;
				CLANG_WARN_UNGUARDED_AVAILABILITY = YES_AGGRESSIVE;
				CLANG_WARN_UNREACHABLE_CODE = YES;
				CLANG_WARN__DUPLICATE_METHOD_MATCH = YES;
				COPY_PHASE_STRIP = NO;
				DEBUG_INFORMATION_FORMAT = dwarf;
				ENABLE_STRICT_OBJC_MSGSEND = YES;
				ENABLE_TESTABILITY = YES;
				ENABLE_USER_SCRIPT_SANDBOXING = YES;
				GCC_C_LANGUAGE_STANDARD = gnu17;
				GCC_DYNAMIC_NO_PIC = NO;
				GCC_NO_COMMON_BLOCKS = YES;
				GCC_OPTIMIZATION_LEVEL = 0;
				GCC_PREPROCESSOR_DEFINITIONS = (
					"DEBUG=1",
					"$(inherited)",
				);
				GCC_WARN_64_TO_32_BIT_CONVERSION = YES;
				GCC_WARN_ABOUT_RETURN_TYPE = YES_ERROR;
				GCC_WARN_UNDECLARED_SELECTOR = YES;
				GCC_WARN_UNINITIALIZED_AUTOS = YES_AGGRESSIVE;
				GCC_WARN_UNUSED_FUNCTION = YES;
				GCC_WARN_UNUSED_VARIABLE = YES;
				IPHONEOS_DEPLOYMENT_TARGET = 17.5;
				LOCALIZATION_PREFERS_STRING_CATALOGS = YES;
				MTL_ENABLE_DEBUG_INFO = INCLUDE_SOURCE;
				MTL_FAST_MATH = YES;
				ONLY_ACTIVE_ARCH = YES;
				SDKROOT = iphoneos;
				SWIFT_ACTIVE_COMPILATION_CONDITIONS = "DEBUG $(inherited)";
				SWIFT_OPTIMIZATION_LEVEL = "-Onone";
			};
			name = Debug;
		};
		69D9CF982C0C1FBB0001AE0C /* Release */ = {
			isa = XCBuildConfiguration;
			buildSettings = {
				ALWAYS_SEARCH_USER_PATHS = NO;
				ASSETCATALOG_COMPILER_GENERATE_SWIFT_ASSET_SYMBOL_EXTENSIONS = YES;
				CLANG_ANALYZER_NONNULL = YES;
				CLANG_ANALYZER_NUMBER_OBJECT_CONVERSION = YES_AGGRESSIVE;
				CLANG_CXX_LANGUAGE_STANDARD = "gnu++20";
				CLANG_ENABLE_MODULES = YES;
				CLANG_ENABLE_OBJC_ARC = YES;
				CLANG_ENABLE_OBJC_WEAK = YES;
				CLANG_WARN_BLOCK_CAPTURE_AUTORELEASING = YES;
				CLANG_WARN_BOOL_CONVERSION = YES;
				CLANG_WARN_COMMA = YES;
				CLANG_WARN_CONSTANT_CONVERSION = YES;
				CLANG_WARN_DEPRECATED_OBJC_IMPLEMENTATIONS = YES;
				CLANG_WARN_DIRECT_OBJC_ISA_USAGE = YES_ERROR;
				CLANG_WARN_DOCUMENTATION_COMMENTS = YES;
				CLANG_WARN_EMPTY_BODY = YES;
				CLANG_WARN_ENUM_CONVERSION = YES;
				CLANG_WARN_INFINITE_RECURSION = YES;
				CLANG_WARN_INT_CONVERSION = YES;
				CLANG_WARN_NON_LITERAL_NULL_CONVERSION = YES;
				CLANG_WARN_OBJC_IMPLICIT_RETAIN_SELF = YES;
				CLANG_WARN_OBJC_LITERAL_CONVERSION = YES;
				CLANG_WARN_OBJC_ROOT_CLASS = YES_ERROR;
				CLANG_WARN_QUOTED_INCLUDE_IN_FRAMEWORK_HEADER = YES;
				CLANG_WARN_RANGE_LOOP_ANALYSIS = YES;
				CLANG_WARN_STRICT_PROTOTYPES = YES;
				CLANG_WARN_SUSPICIOUS_MOVE = YES;
				CLANG_WARN_UNGUARDED_AVAILABILITY = YES_AGGRESSIVE;
				CLANG_WARN_UNREACHABLE_CODE = YES;
				CLANG_WARN__DUPLICATE_METHOD_MATCH = YES;
				COPY_PHASE_STRIP = NO;
				DEBUG_INFORMATION_FORMAT = "dwarf-with-dsym";
				ENABLE_NS_ASSERTIONS = NO;
				ENABLE_STRICT_OBJC_MSGSEND = YES;
				ENABLE_USER_SCRIPT_SANDBOXING = YES;
				GCC_C_LANGUAGE_STANDARD = gnu17;
				GCC_NO_COMMON_BLOCKS = YES;
				GCC_WARN_64_TO_32_BIT_CONVERSION = YES;
				GCC_WARN_ABOUT_RETURN_TYPE = YES_ERROR;
				GCC_WARN_UNDECLARED_SELECTOR = YES;
				GCC_WARN_UNINITIALIZED_AUTOS = YES_AGGRESSIVE;
				GCC_WARN_UNUSED_FUNCTION = YES;
				GCC_WARN_UNUSED_VARIABLE = YES;
				IPHONEOS_DEPLOYMENT_TARGET = 17.5;
				LOCALIZATION_PREFERS_STRING_CATALOGS = YES;
				MTL_ENABLE_DEBUG_INFO = NO;
				MTL_FAST_MATH = YES;
				SDKROOT = iphoneos;
				SWIFT_COMPILATION_MODE = wholemodule;
				VALIDATE_PRODUCT = YES;
			};
			name = Release;
		};
		69D9CF9A2C0C1FBB0001AE0C /* Debug */ = {
			isa = XCBuildConfiguration;
			buildSettings = {
				ASSETCATALOG_COMPILER_APPICON_NAME = AppIcon;
				ASSETCATALOG_COMPILER_GLOBAL_ACCENT_COLOR_NAME = AccentColor;
				CODE_SIGN_STYLE = Automatic;
				CURRENT_PROJECT_VERSION = 2;
				DEVELOPMENT_ASSET_PATHS = "";
				DEVELOPMENT_TEAM = 2XYK8RBB6M;
				ENABLE_PREVIEWS = YES;
				GENERATE_INFOPLIST_FILE = YES;
				INFOPLIST_FILE = "Efficiency-Lab-Info.plist";
				INFOPLIST_KEY_CFBundleDisplayName = "Efficiency Lab";
				INFOPLIST_KEY_LSApplicationCategoryType = "public.app-category.sports";
				INFOPLIST_KEY_NSCameraUsageDescription = "需要访问相机进行图像处理";
				INFOPLIST_KEY_NSMicrophoneUsageDescription = "访问麦克风以便录取视频";
				INFOPLIST_KEY_NSPhotoLibraryUsageDescription = "需要访问照片库进行图像处理";
				INFOPLIST_KEY_UIApplicationSceneManifest_Generation = YES;
				INFOPLIST_KEY_UIApplicationSupportsIndirectInputEvents = YES;
				INFOPLIST_KEY_UILaunchScreen_Generation = YES;
				INFOPLIST_KEY_UISupportedInterfaceOrientations_iPad = "UIInterfaceOrientationPortrait UIInterfaceOrientationPortraitUpsideDown UIInterfaceOrientationLandscapeLeft UIInterfaceOrientationLandscapeRight";
				INFOPLIST_KEY_UISupportedInterfaceOrientations_iPhone = "UIInterfaceOrientationPortrait UIInterfaceOrientationLandscapeLeft UIInterfaceOrientationLandscapeRight";
				INFOPLIST_KEY_UIUserInterfaceStyle = Light;
				IPHONEOS_DEPLOYMENT_TARGET = 16.0;
				LD_RUNPATH_SEARCH_PATHS = (
					"$(inherited)",
					"@executable_path/Frameworks",
				);
				MARKETING_VERSION = 1.1;
				OTHER_SWIFT_FLAGS = "";
				"OTHER_SWIFT_FLAGS[arch=*]" = "-DUSINGCPUMAX";
				PRODUCT_BUNDLE_IDENTIFIER = com.aisport.coach.SportsCoach;
				PRODUCT_NAME = "$(TARGET_NAME)";
				SWIFT_EMIT_LOC_STRINGS = YES;
				SWIFT_VERSION = 5.0;
				TARGETED_DEVICE_FAMILY = "1,2";
			};
			name = Debug;
		};
		69D9CF9B2C0C1FBB0001AE0C /* Release */ = {
			isa = XCBuildConfiguration;
			buildSettings = {
				ASSETCATALOG_COMPILER_APPICON_NAME = AppIcon;
				ASSETCATALOG_COMPILER_GLOBAL_ACCENT_COLOR_NAME = AccentColor;
				CODE_SIGN_STYLE = Automatic;
				CURRENT_PROJECT_VERSION = 2;
				DEVELOPMENT_ASSET_PATHS = "";
				DEVELOPMENT_TEAM = 2XYK8RBB6M;
				ENABLE_PREVIEWS = YES;
				GENERATE_INFOPLIST_FILE = YES;
				INFOPLIST_FILE = "Efficiency-Lab-Info.plist";
				INFOPLIST_KEY_CFBundleDisplayName = "Efficiency Lab";
				INFOPLIST_KEY_LSApplicationCategoryType = "public.app-category.sports";
				INFOPLIST_KEY_NSCameraUsageDescription = "需要访问相机进行图像处理";
				INFOPLIST_KEY_NSMicrophoneUsageDescription = "访问麦克风以便录取视频";
				INFOPLIST_KEY_NSPhotoLibraryUsageDescription = "需要访问照片库进行图像处理";
				INFOPLIST_KEY_UIApplicationSceneManifest_Generation = YES;
				INFOPLIST_KEY_UIApplicationSupportsIndirectInputEvents = YES;
				INFOPLIST_KEY_UILaunchScreen_Generation = YES;
				INFOPLIST_KEY_UISupportedInterfaceOrientations_iPad = "UIInterfaceOrientationPortrait UIInterfaceOrientationPortraitUpsideDown UIInterfaceOrientationLandscapeLeft UIInterfaceOrientationLandscapeRight";
				INFOPLIST_KEY_UISupportedInterfaceOrientations_iPhone = "UIInterfaceOrientationPortrait UIInterfaceOrientationLandscapeLeft UIInterfaceOrientationLandscapeRight";
				INFOPLIST_KEY_UIUserInterfaceStyle = Light;
				IPHONEOS_DEPLOYMENT_TARGET = 16.0;
				LD_RUNPATH_SEARCH_PATHS = (
					"$(inherited)",
					"@executable_path/Frameworks",
				);
				MARKETING_VERSION = 1.1;
				PRODUCT_BUNDLE_IDENTIFIER = com.aisport.coach.SportsCoach;
				PRODUCT_NAME = "$(TARGET_NAME)";
				SWIFT_EMIT_LOC_STRINGS = YES;
				SWIFT_VERSION = 5.0;
				TARGETED_DEVICE_FAMILY = "1,2";
			};
			name = Release;
		};
/* End XCBuildConfiguration section */

/* Begin XCConfigurationList section */
		69D9CF842C0C1FB90001AE0C /* Build configuration list for PBXProject "Efficiency Lab" */ = {
			isa = XCConfigurationList;
			buildConfigurations = (
				69D9CF972C0C1FBB0001AE0C /* Debug */,
				69D9CF982C0C1FBB0001AE0C /* Release */,
			);
			defaultConfigurationIsVisible = 0;
			defaultConfigurationName = Release;
		};
		69D9CF992C0C1FBB0001AE0C /* Build configuration list for PBXNativeTarget "Efficiency Lab" */ = {
			isa = XCConfigurationList;
			buildConfigurations = (
				69D9CF9A2C0C1FBB0001AE0C /* Debug */,
				69D9CF9B2C0C1FBB0001AE0C /* Release */,
			);
			defaultConfigurationIsVisible = 0;
			defaultConfigurationName = Release;
		};
/* End XCConfigurationList section */
	};
	rootObject = 69D9CF812C0C1FB90001AE0C /* Project object */;
}
